// !$*UTF8*$!
{
	archiveVersion = 1;
	classes = {
	};
	objectVersion = 51;
	objects = {

/* Begin PBXBuildFile section */
		2E0897E72601251A00F3862C /* InvoicePaymentViewController.swift in Sources */ = {isa = PBXBuildFile; fileRef = 2E0897E62601251A00F3862C /* InvoicePaymentViewController.swift */; };
		2E0897ED26012F4500F3862C /* InvoiceTableViewCell.swift in Sources */ = {isa = PBXBuildFile; fileRef = 2E0897EB26012F4500F3862C /* InvoiceTableViewCell.swift */; };
		2E0897EE26012F4500F3862C /* InvoiceTableViewCell.xib in Resources */ = {isa = PBXBuildFile; fileRef = 2E0897EC26012F4500F3862C /* InvoiceTableViewCell.xib */; };
		2E0897F12601327600F3862C /* ContentSizedTableView.swift in Sources */ = {isa = PBXBuildFile; fileRef = 2E0897F02601327600F3862C /* ContentSizedTableView.swift */; };
		2E0898342603BEB200F3862C /* Invoice.storyboard in Resources */ = {isa = PBXBuildFile; fileRef = 2E0898332603BEB200F3862C /* Invoice.storyboard */; };
		2E0898372603BF0F00F3862C /* InvoicePaymentViewModel.swift in Sources */ = {isa = PBXBuildFile; fileRef = 2E0898362603BF0F00F3862C /* InvoicePaymentViewModel.swift */; };
		2E0898592603CBC600F3862C /* UITableView+Helper.swift in Sources */ = {isa = PBXBuildFile; fileRef = 2E0898572603CBC600F3862C /* UITableView+Helper.swift */; };
		2E08985A2603CBC600F3862C /* UITableViewCell+Helper.swift in Sources */ = {isa = PBXBuildFile; fileRef = 2E0898582603CBC600F3862C /* UITableViewCell+Helper.swift */; };
		2E9C11F425FFC05D00A5E306 /* AppDelegate.swift in Sources */ = {isa = PBXBuildFile; fileRef = 2E9C11F325FFC05D00A5E306 /* AppDelegate.swift */; };
		2E9C11F625FFC05D00A5E306 /* SceneDelegate.swift in Sources */ = {isa = PBXBuildFile; fileRef = 2E9C11F525FFC05D00A5E306 /* SceneDelegate.swift */; };
		2E9C11FD25FFC05F00A5E306 /* Assets.xcassets in Resources */ = {isa = PBXBuildFile; fileRef = 2E9C11FC25FFC05F00A5E306 /* Assets.xcassets */; };
		2E9C120025FFC05F00A5E306 /* LaunchScreen.storyboard in Resources */ = {isa = PBXBuildFile; fileRef = 2E9C11FE25FFC05F00A5E306 /* LaunchScreen.storyboard */; };
		2E9C120D25FFC09700A5E306 /* PaymentsFlow.storyboard in Resources */ = {isa = PBXBuildFile; fileRef = 2E9C120C25FFC09700A5E306 /* PaymentsFlow.storyboard */; };
		2E9C121125FFC17800A5E306 /* PaymentsConfirmationViewController.swift in Sources */ = {isa = PBXBuildFile; fileRef = 2E9C121025FFC17800A5E306 /* PaymentsConfirmationViewController.swift */; };
		2E9C121925FFC27100A5E306 /* PaidServiceCollapseControllCell.swift in Sources */ = {isa = PBXBuildFile; fileRef = 2E9C121725FFC27100A5E306 /* PaidServiceCollapseControllCell.swift */; };
		2E9C121A25FFC27100A5E306 /* PaidServiceCollapseControllCell.xib in Resources */ = {isa = PBXBuildFile; fileRef = 2E9C121825FFC27100A5E306 /* PaidServiceCollapseControllCell.xib */; };
		2E9C123125FFC66F00A5E306 /* UIView+Extension.swift in Sources */ = {isa = PBXBuildFile; fileRef = 2E9C123025FFC66F00A5E306 /* UIView+Extension.swift */; };
		2E9C123625FFC95F00A5E306 /* PeriodCalculationTableViewCell.swift in Sources */ = {isa = PBXBuildFile; fileRef = 2E9C123425FFC95F00A5E306 /* PeriodCalculationTableViewCell.swift */; };
		2E9C123725FFC95F00A5E306 /* PeriodCalculationTableViewCell.xib in Resources */ = {isa = PBXBuildFile; fileRef = 2E9C123525FFC95F00A5E306 /* PeriodCalculationTableViewCell.xib */; };
		2E9C123D25FFD85E00A5E306 /* DebitTableViewCell.swift in Sources */ = {isa = PBXBuildFile; fileRef = 2E9C123B25FFD85E00A5E306 /* DebitTableViewCell.swift */; };
		2E9C123E25FFD85E00A5E306 /* DebitTableViewCell.xib in Resources */ = {isa = PBXBuildFile; fileRef = 2E9C123C25FFD85E00A5E306 /* DebitTableViewCell.xib */; };
		2E9C124225FFDA7B00A5E306 /* TotalAmountTableViewCell.swift in Sources */ = {isa = PBXBuildFile; fileRef = 2E9C124025FFDA7B00A5E306 /* TotalAmountTableViewCell.swift */; };
		2E9C124325FFDA7B00A5E306 /* TotalAmountTableViewCell.xib in Resources */ = {isa = PBXBuildFile; fileRef = 2E9C124125FFDA7B00A5E306 /* TotalAmountTableViewCell.xib */; };
		2E9C12562600529400A5E306 /* UITableView+Convinience.swift in Sources */ = {isa = PBXBuildFile; fileRef = 2E9C124A2600529400A5E306 /* UITableView+Convinience.swift */; };
		2E9C12572600529400A5E306 /* UITableViewHeaderFooterView+Convinience.swift in Sources */ = {isa = PBXBuildFile; fileRef = 2E9C124B2600529400A5E306 /* UITableViewHeaderFooterView+Convinience.swift */; };
		2E9C12582600529400A5E306 /* TableShimmerCell.swift in Sources */ = {isa = PBXBuildFile; fileRef = 2E9C124C2600529400A5E306 /* TableShimmerCell.swift */; };
		2E9C12592600529400A5E306 /* TableDisplay.swift in Sources */ = {isa = PBXBuildFile; fileRef = 2E9C124D2600529400A5E306 /* TableDisplay.swift */; };
		2E9C125A2600529400A5E306 /* UITableViewCell+Convinience.swift in Sources */ = {isa = PBXBuildFile; fileRef = 2E9C124E2600529400A5E306 /* UITableViewCell+Convinience.swift */; };
		2E9C125B2600529400A5E306 /* UICollectionViewFlowLayout+ProductGrid.swift in Sources */ = {isa = PBXBuildFile; fileRef = 2E9C12502600529400A5E306 /* UICollectionViewFlowLayout+ProductGrid.swift */; };
		2E9C125C2600529400A5E306 /* UICollectionReusableView+Autosizing.swift in Sources */ = {isa = PBXBuildFile; fileRef = 2E9C12512600529400A5E306 /* UICollectionReusableView+Autosizing.swift */; };
		2E9C125D2600529400A5E306 /* CollectionDisplay.swift in Sources */ = {isa = PBXBuildFile; fileRef = 2E9C12522600529400A5E306 /* CollectionDisplay.swift */; };
		2E9C125E2600529400A5E306 /* CollectionShimmerCell.swift in Sources */ = {isa = PBXBuildFile; fileRef = 2E9C12532600529400A5E306 /* CollectionShimmerCell.swift */; };
		2E9C125F2600529400A5E306 /* UICollectionView+Convinience.swift in Sources */ = {isa = PBXBuildFile; fileRef = 2E9C12542600529400A5E306 /* UICollectionView+Convinience.swift */; };
		2E9C12602600529400A5E306 /* UICollectionReusableView+Convenience.swift in Sources */ = {isa = PBXBuildFile; fileRef = 2E9C12552600529400A5E306 /* UICollectionReusableView+Convenience.swift */; };
		2E9C1263260053FA00A5E306 /* UIColor+Extension.swift in Sources */ = {isa = PBXBuildFile; fileRef = 2E9C1262260053FA00A5E306 /* UIColor+Extension.swift */; };
		2E9C1266260057B600A5E306 /* ContainerView.swift in Sources */ = {isa = PBXBuildFile; fileRef = 2E9C1265260057B600A5E306 /* ContainerView.swift */; };
		2E9C12692600636B00A5E306 /* PaymentsConfirmationViewModel.swift in Sources */ = {isa = PBXBuildFile; fileRef = 2E9C12682600636B00A5E306 /* PaymentsConfirmationViewModel.swift */; };
		2EADAD542605F9840008E6F8 /* FeeTableViewCell.swift in Sources */ = {isa = PBXBuildFile; fileRef = 2EADAD522605F9840008E6F8 /* FeeTableViewCell.swift */; };
		2EADAD552605F9840008E6F8 /* FeeTableViewCell.xib in Resources */ = {isa = PBXBuildFile; fileRef = 2EADAD532605F9840008E6F8 /* FeeTableViewCell.xib */; };
		924A63E507FD8723AEC2433C /* Pods_EUBanking.framework in Frameworks */ = {isa = PBXBuildFile; fileRef = E6D3F3142F5626E7CAFEA373 /* Pods_EUBanking.framework */; };
/* End PBXBuildFile section */

/* Begin PBXFileReference section */
		230D4442F7EAC0CA674E9AB3 /* Pods-EUBanking.debug.xcconfig */ = {isa = PBXFileReference; includeInIndex = 1; lastKnownFileType = text.xcconfig; name = "Pods-EUBanking.debug.xcconfig"; path = "Target Support Files/Pods-EUBanking/Pods-EUBanking.debug.xcconfig"; sourceTree = "<group>"; };
		2E0897E62601251A00F3862C /* InvoicePaymentViewController.swift */ = {isa = PBXFileReference; lastKnownFileType = sourcecode.swift; path = InvoicePaymentViewController.swift; sourceTree = "<group>"; };
		2E0897EB26012F4500F3862C /* InvoiceTableViewCell.swift */ = {isa = PBXFileReference; lastKnownFileType = sourcecode.swift; path = InvoiceTableViewCell.swift; sourceTree = "<group>"; };
		2E0897EC26012F4500F3862C /* InvoiceTableViewCell.xib */ = {isa = PBXFileReference; lastKnownFileType = file.xib; path = InvoiceTableViewCell.xib; sourceTree = "<group>"; };
		2E0897F02601327600F3862C /* ContentSizedTableView.swift */ = {isa = PBXFileReference; lastKnownFileType = sourcecode.swift; path = ContentSizedTableView.swift; sourceTree = "<group>"; };
		2E0898332603BEB200F3862C /* Invoice.storyboard */ = {isa = PBXFileReference; lastKnownFileType = file.storyboard; path = Invoice.storyboard; sourceTree = "<group>"; };
		2E0898362603BF0F00F3862C /* InvoicePaymentViewModel.swift */ = {isa = PBXFileReference; lastKnownFileType = sourcecode.swift; path = InvoicePaymentViewModel.swift; sourceTree = "<group>"; };
		2E0898572603CBC600F3862C /* UITableView+Helper.swift */ = {isa = PBXFileReference; fileEncoding = 4; lastKnownFileType = sourcecode.swift; path = "UITableView+Helper.swift"; sourceTree = "<group>"; };
		2E0898582603CBC600F3862C /* UITableViewCell+Helper.swift */ = {isa = PBXFileReference; fileEncoding = 4; lastKnownFileType = sourcecode.swift; path = "UITableViewCell+Helper.swift"; sourceTree = "<group>"; };
		2E9C11F025FFC05D00A5E306 /* EUBanking.app */ = {isa = PBXFileReference; explicitFileType = wrapper.application; includeInIndex = 0; path = EUBanking.app; sourceTree = BUILT_PRODUCTS_DIR; };
		2E9C11F325FFC05D00A5E306 /* AppDelegate.swift */ = {isa = PBXFileReference; lastKnownFileType = sourcecode.swift; path = AppDelegate.swift; sourceTree = "<group>"; };
		2E9C11F525FFC05D00A5E306 /* SceneDelegate.swift */ = {isa = PBXFileReference; lastKnownFileType = sourcecode.swift; path = SceneDelegate.swift; sourceTree = "<group>"; };
		2E9C11FC25FFC05F00A5E306 /* Assets.xcassets */ = {isa = PBXFileReference; lastKnownFileType = folder.assetcatalog; path = Assets.xcassets; sourceTree = "<group>"; };
		2E9C11FF25FFC05F00A5E306 /* Base */ = {isa = PBXFileReference; lastKnownFileType = file.storyboard; name = Base; path = Base.lproj/LaunchScreen.storyboard; sourceTree = "<group>"; };
		2E9C120125FFC05F00A5E306 /* Info.plist */ = {isa = PBXFileReference; lastKnownFileType = text.plist.xml; path = Info.plist; sourceTree = "<group>"; };
		2E9C120C25FFC09700A5E306 /* PaymentsFlow.storyboard */ = {isa = PBXFileReference; lastKnownFileType = file.storyboard; path = PaymentsFlow.storyboard; sourceTree = "<group>"; };
		2E9C121025FFC17800A5E306 /* PaymentsConfirmationViewController.swift */ = {isa = PBXFileReference; lastKnownFileType = sourcecode.swift; path = PaymentsConfirmationViewController.swift; sourceTree = "<group>"; };
		2E9C121725FFC27100A5E306 /* PaidServiceCollapseControllCell.swift */ = {isa = PBXFileReference; lastKnownFileType = sourcecode.swift; path = PaidServiceCollapseControllCell.swift; sourceTree = "<group>"; };
		2E9C121825FFC27100A5E306 /* PaidServiceCollapseControllCell.xib */ = {isa = PBXFileReference; lastKnownFileType = file.xib; path = PaidServiceCollapseControllCell.xib; sourceTree = "<group>"; };
		2E9C123025FFC66F00A5E306 /* UIView+Extension.swift */ = {isa = PBXFileReference; lastKnownFileType = sourcecode.swift; path = "UIView+Extension.swift"; sourceTree = "<group>"; };
		2E9C123425FFC95F00A5E306 /* PeriodCalculationTableViewCell.swift */ = {isa = PBXFileReference; lastKnownFileType = sourcecode.swift; path = PeriodCalculationTableViewCell.swift; sourceTree = "<group>"; };
		2E9C123525FFC95F00A5E306 /* PeriodCalculationTableViewCell.xib */ = {isa = PBXFileReference; lastKnownFileType = file.xib; path = PeriodCalculationTableViewCell.xib; sourceTree = "<group>"; };
		2E9C123B25FFD85E00A5E306 /* DebitTableViewCell.swift */ = {isa = PBXFileReference; lastKnownFileType = sourcecode.swift; path = DebitTableViewCell.swift; sourceTree = "<group>"; };
		2E9C123C25FFD85E00A5E306 /* DebitTableViewCell.xib */ = {isa = PBXFileReference; lastKnownFileType = file.xib; path = DebitTableViewCell.xib; sourceTree = "<group>"; };
		2E9C124025FFDA7B00A5E306 /* TotalAmountTableViewCell.swift */ = {isa = PBXFileReference; lastKnownFileType = sourcecode.swift; path = TotalAmountTableViewCell.swift; sourceTree = "<group>"; };
		2E9C124125FFDA7B00A5E306 /* TotalAmountTableViewCell.xib */ = {isa = PBXFileReference; lastKnownFileType = file.xib; path = TotalAmountTableViewCell.xib; sourceTree = "<group>"; };
		2E9C124A2600529400A5E306 /* UITableView+Convinience.swift */ = {isa = PBXFileReference; fileEncoding = 4; lastKnownFileType = sourcecode.swift; path = "UITableView+Convinience.swift"; sourceTree = "<group>"; };
		2E9C124B2600529400A5E306 /* UITableViewHeaderFooterView+Convinience.swift */ = {isa = PBXFileReference; fileEncoding = 4; lastKnownFileType = sourcecode.swift; path = "UITableViewHeaderFooterView+Convinience.swift"; sourceTree = "<group>"; };
		2E9C124C2600529400A5E306 /* TableShimmerCell.swift */ = {isa = PBXFileReference; fileEncoding = 4; lastKnownFileType = sourcecode.swift; path = TableShimmerCell.swift; sourceTree = "<group>"; };
		2E9C124D2600529400A5E306 /* TableDisplay.swift */ = {isa = PBXFileReference; fileEncoding = 4; lastKnownFileType = sourcecode.swift; path = TableDisplay.swift; sourceTree = "<group>"; };
		2E9C124E2600529400A5E306 /* UITableViewCell+Convinience.swift */ = {isa = PBXFileReference; fileEncoding = 4; lastKnownFileType = sourcecode.swift; path = "UITableViewCell+Convinience.swift"; sourceTree = "<group>"; };
		2E9C12502600529400A5E306 /* UICollectionViewFlowLayout+ProductGrid.swift */ = {isa = PBXFileReference; fileEncoding = 4; lastKnownFileType = sourcecode.swift; path = "UICollectionViewFlowLayout+ProductGrid.swift"; sourceTree = "<group>"; };
		2E9C12512600529400A5E306 /* UICollectionReusableView+Autosizing.swift */ = {isa = PBXFileReference; fileEncoding = 4; lastKnownFileType = sourcecode.swift; path = "UICollectionReusableView+Autosizing.swift"; sourceTree = "<group>"; };
		2E9C12522600529400A5E306 /* CollectionDisplay.swift */ = {isa = PBXFileReference; fileEncoding = 4; lastKnownFileType = sourcecode.swift; path = CollectionDisplay.swift; sourceTree = "<group>"; };
		2E9C12532600529400A5E306 /* CollectionShimmerCell.swift */ = {isa = PBXFileReference; fileEncoding = 4; lastKnownFileType = sourcecode.swift; path = CollectionShimmerCell.swift; sourceTree = "<group>"; };
		2E9C12542600529400A5E306 /* UICollectionView+Convinience.swift */ = {isa = PBXFileReference; fileEncoding = 4; lastKnownFileType = sourcecode.swift; path = "UICollectionView+Convinience.swift"; sourceTree = "<group>"; };
		2E9C12552600529400A5E306 /* UICollectionReusableView+Convenience.swift */ = {isa = PBXFileReference; fileEncoding = 4; lastKnownFileType = sourcecode.swift; path = "UICollectionReusableView+Convenience.swift"; sourceTree = "<group>"; };
		2E9C1262260053FA00A5E306 /* UIColor+Extension.swift */ = {isa = PBXFileReference; lastKnownFileType = sourcecode.swift; path = "UIColor+Extension.swift"; sourceTree = "<group>"; };
		2E9C1265260057B600A5E306 /* ContainerView.swift */ = {isa = PBXFileReference; lastKnownFileType = sourcecode.swift; path = ContainerView.swift; sourceTree = "<group>"; };
		2E9C12682600636B00A5E306 /* PaymentsConfirmationViewModel.swift */ = {isa = PBXFileReference; lastKnownFileType = sourcecode.swift; path = PaymentsConfirmationViewModel.swift; sourceTree = "<group>"; };
		2EADAD522605F9840008E6F8 /* FeeTableViewCell.swift */ = {isa = PBXFileReference; lastKnownFileType = sourcecode.swift; path = FeeTableViewCell.swift; sourceTree = "<group>"; };
		2EADAD532605F9840008E6F8 /* FeeTableViewCell.xib */ = {isa = PBXFileReference; lastKnownFileType = file.xib; path = FeeTableViewCell.xib; sourceTree = "<group>"; };
		808E2CEAEBBEF515ECBB9F1E /* Pods-EUBanking.release.xcconfig */ = {isa = PBXFileReference; includeInIndex = 1; lastKnownFileType = text.xcconfig; name = "Pods-EUBanking.release.xcconfig"; path = "Target Support Files/Pods-EUBanking/Pods-EUBanking.release.xcconfig"; sourceTree = "<group>"; };
		E6D3F3142F5626E7CAFEA373 /* Pods_EUBanking.framework */ = {isa = PBXFileReference; explicitFileType = wrapper.framework; includeInIndex = 0; path = Pods_EUBanking.framework; sourceTree = BUILT_PRODUCTS_DIR; };
/* End PBXFileReference section */

/* Begin PBXFrameworksBuildPhase section */
		2E9C11ED25FFC05D00A5E306 /* Frameworks */ = {
			isa = PBXFrameworksBuildPhase;
			buildActionMask = 2147483647;
			files = (
				924A63E507FD8723AEC2433C /* Pods_EUBanking.framework in Frameworks */,
			);
			runOnlyForDeploymentPostprocessing = 0;
		};
/* End PBXFrameworksBuildPhase section */

/* Begin PBXGroup section */
		2E0897E9260125D500F3862C /* Invoice payment */ = {
			isa = PBXGroup;
			children = (
				2E0898332603BEB200F3862C /* Invoice.storyboard */,
				2E0898362603BF0F00F3862C /* InvoicePaymentViewModel.swift */,
				2E0897E62601251A00F3862C /* InvoicePaymentViewController.swift */,
				2E0897EB26012F4500F3862C /* InvoiceTableViewCell.swift */,
				2E0897EC26012F4500F3862C /* InvoiceTableViewCell.xib */,
				2E0897F02601327600F3862C /* ContentSizedTableView.swift */,
				2E0898622603D92100F3862C /* Parametre cells */,
			);
			path = "Invoice payment";
			sourceTree = "<group>";
		};
		2E0898622603D92100F3862C /* Parametre cells */ = {
			isa = PBXGroup;
			children = (
				2E9C123425FFC95F00A5E306 /* PeriodCalculationTableViewCell.swift */,
				2E9C123525FFC95F00A5E306 /* PeriodCalculationTableViewCell.xib */,
				2E9C123B25FFD85E00A5E306 /* DebitTableViewCell.swift */,
				2E9C123C25FFD85E00A5E306 /* DebitTableViewCell.xib */,
				2EADAD522605F9840008E6F8 /* FeeTableViewCell.swift */,
				2EADAD532605F9840008E6F8 /* FeeTableViewCell.xib */,
				2E9C124025FFDA7B00A5E306 /* TotalAmountTableViewCell.swift */,
				2E9C124125FFDA7B00A5E306 /* TotalAmountTableViewCell.xib */,
			);
			path = "Parametre cells";
			sourceTree = "<group>";
		};
		2E9C11E725FFC05D00A5E306 = {
			isa = PBXGroup;
			children = (
				2E9C11F225FFC05D00A5E306 /* EUBanking */,
				2E9C11F125FFC05D00A5E306 /* Products */,
				FC0CC9737E6F43147E8C28F5 /* Pods */,
				BA252A5288C103A71C72C9D4 /* Frameworks */,
			);
			sourceTree = "<group>";
		};
		2E9C11F125FFC05D00A5E306 /* Products */ = {
			isa = PBXGroup;
			children = (
				2E9C11F025FFC05D00A5E306 /* EUBanking.app */,
			);
			name = Products;
			sourceTree = "<group>";
		};
		2E9C11F225FFC05D00A5E306 /* EUBanking */ = {
			isa = PBXGroup;
			children = (
				2E9C122F25FFC65F00A5E306 /* Extensions */,
				2E9C121525FFC1E500A5E306 /* Resourses */,
				2E9C120A25FFC07800A5E306 /* Application */,
				2E0897E9260125D500F3862C /* Invoice payment */,
				2E9C120825FFC06400A5E306 /* Payments Flow */,
				2E9C121425FFC1DB00A5E306 /* Common */,
				2E9C11FE25FFC05F00A5E306 /* LaunchScreen.storyboard */,
				2E9C120125FFC05F00A5E306 /* Info.plist */,
			);
			path = EUBanking;
			sourceTree = "<group>";
		};
		2E9C120825FFC06400A5E306 /* Payments Flow */ = {
			isa = PBXGroup;
			children = (
				2E9C120C25FFC09700A5E306 /* PaymentsFlow.storyboard */,
				2E9C12682600636B00A5E306 /* PaymentsConfirmationViewModel.swift */,
				2E9C121025FFC17800A5E306 /* PaymentsConfirmationViewController.swift */,
				2E9C121625FFC1FD00A5E306 /* Components */,
			);
			path = "Payments Flow";
			sourceTree = "<group>";
		};
		2E9C120A25FFC07800A5E306 /* Application */ = {
			isa = PBXGroup;
			children = (
				2E9C11F325FFC05D00A5E306 /* AppDelegate.swift */,
				2E9C11F525FFC05D00A5E306 /* SceneDelegate.swift */,
			);
			path = Application;
			sourceTree = "<group>";
		};
		2E9C121425FFC1DB00A5E306 /* Common */ = {
			isa = PBXGroup;
			children = (
				2E9C124F2600529400A5E306 /* Collection Display */,
				2E9C12492600529400A5E306 /* Table Display */,
				2E9C1265260057B600A5E306 /* ContainerView.swift */,
			);
			path = Common;
			sourceTree = "<group>";
		};
		2E9C121525FFC1E500A5E306 /* Resourses */ = {
			isa = PBXGroup;
			children = (
				2E9C11FC25FFC05F00A5E306 /* Assets.xcassets */,
			);
			path = Resourses;
			sourceTree = "<group>";
		};
		2E9C121625FFC1FD00A5E306 /* Components */ = {
			isa = PBXGroup;
			children = (
				2E9C121725FFC27100A5E306 /* PaidServiceCollapseControllCell.swift */,
				2E9C121825FFC27100A5E306 /* PaidServiceCollapseControllCell.xib */,
			);
			path = Components;
			sourceTree = "<group>";
		};
		2E9C122F25FFC65F00A5E306 /* Extensions */ = {
			isa = PBXGroup;
			children = (
				2E0898572603CBC600F3862C /* UITableView+Helper.swift */,
				2E0898582603CBC600F3862C /* UITableViewCell+Helper.swift */,
				2E9C123025FFC66F00A5E306 /* UIView+Extension.swift */,
				2E9C1262260053FA00A5E306 /* UIColor+Extension.swift */,
			);
			path = Extensions;
			sourceTree = "<group>";
		};
		2E9C12492600529400A5E306 /* Table Display */ = {
			isa = PBXGroup;
			children = (
				2E9C124A2600529400A5E306 /* UITableView+Convinience.swift */,
				2E9C124B2600529400A5E306 /* UITableViewHeaderFooterView+Convinience.swift */,
				2E9C124C2600529400A5E306 /* TableShimmerCell.swift */,
				2E9C124D2600529400A5E306 /* TableDisplay.swift */,
				2E9C124E2600529400A5E306 /* UITableViewCell+Convinience.swift */,
			);
			path = "Table Display";
			sourceTree = "<group>";
		};
		2E9C124F2600529400A5E306 /* Collection Display */ = {
			isa = PBXGroup;
			children = (
				2E9C12502600529400A5E306 /* UICollectionViewFlowLayout+ProductGrid.swift */,
				2E9C12512600529400A5E306 /* UICollectionReusableView+Autosizing.swift */,
				2E9C12522600529400A5E306 /* CollectionDisplay.swift */,
				2E9C12532600529400A5E306 /* CollectionShimmerCell.swift */,
				2E9C12542600529400A5E306 /* UICollectionView+Convinience.swift */,
				2E9C12552600529400A5E306 /* UICollectionReusableView+Convenience.swift */,
			);
			path = "Collection Display";
			sourceTree = "<group>";
		};
		BA252A5288C103A71C72C9D4 /* Frameworks */ = {
			isa = PBXGroup;
			children = (
				E6D3F3142F5626E7CAFEA373 /* Pods_EUBanking.framework */,
			);
			name = Frameworks;
			sourceTree = "<group>";
		};
		FC0CC9737E6F43147E8C28F5 /* Pods */ = {
			isa = PBXGroup;
			children = (
				230D4442F7EAC0CA674E9AB3 /* Pods-EUBanking.debug.xcconfig */,
				808E2CEAEBBEF515ECBB9F1E /* Pods-EUBanking.release.xcconfig */,
			);
			path = Pods;
			sourceTree = "<group>";
		};
/* End PBXGroup section */

/* Begin PBXNativeTarget section */
		2E9C11EF25FFC05D00A5E306 /* EUBanking */ = {
			isa = PBXNativeTarget;
			buildConfigurationList = 2E9C120425FFC05F00A5E306 /* Build configuration list for PBXNativeTarget "EUBanking" */;
			buildPhases = (
				E72243600CC5AAD9FEC2A59B /* [CP] Check Pods Manifest.lock */,
				2E9C11EC25FFC05D00A5E306 /* Sources */,
				2E9C11ED25FFC05D00A5E306 /* Frameworks */,
				2E9C11EE25FFC05D00A5E306 /* Resources */,
				93F5ECE8B058DF4977E64FD6 /* [CP] Embed Pods Frameworks */,
			);
			buildRules = (
			);
			dependencies = (
			);
			name = EUBanking;
			productName = EUBanking;
			productReference = 2E9C11F025FFC05D00A5E306 /* EUBanking.app */;
			productType = "com.apple.product-type.application";
		};
/* End PBXNativeTarget section */

/* Begin PBXProject section */
		2E9C11E825FFC05D00A5E306 /* Project object */ = {
			isa = PBXProject;
			attributes = {
				LastSwiftUpdateCheck = 1230;
				LastUpgradeCheck = 1230;
				TargetAttributes = {
					2E9C11EF25FFC05D00A5E306 = {
						CreatedOnToolsVersion = 12.3;
					};
				};
			};
			buildConfigurationList = 2E9C11EB25FFC05D00A5E306 /* Build configuration list for PBXProject "EUBanking" */;
			compatibilityVersion = "Xcode 9.3";
			developmentRegion = en;
			hasScannedForEncodings = 0;
			knownRegions = (
				en,
				Base,
			);
			mainGroup = 2E9C11E725FFC05D00A5E306;
			productRefGroup = 2E9C11F125FFC05D00A5E306 /* Products */;
			projectDirPath = "";
			projectRoot = "";
			targets = (
				2E9C11EF25FFC05D00A5E306 /* EUBanking */,
			);
		};
/* End PBXProject section */

/* Begin PBXResourcesBuildPhase section */
		2E9C11EE25FFC05D00A5E306 /* Resources */ = {
			isa = PBXResourcesBuildPhase;
			buildActionMask = 2147483647;
			files = (
				2E9C123725FFC95F00A5E306 /* PeriodCalculationTableViewCell.xib in Resources */,
				2E0897EE26012F4500F3862C /* InvoiceTableViewCell.xib in Resources */,
				2E9C123E25FFD85E00A5E306 /* DebitTableViewCell.xib in Resources */,
				2E9C120025FFC05F00A5E306 /* LaunchScreen.storyboard in Resources */,
				2EADAD552605F9840008E6F8 /* FeeTableViewCell.xib in Resources */,
				2E9C11FD25FFC05F00A5E306 /* Assets.xcassets in Resources */,
				2E0898342603BEB200F3862C /* Invoice.storyboard in Resources */,
				2E9C121A25FFC27100A5E306 /* PaidServiceCollapseControllCell.xib in Resources */,
				2E9C124325FFDA7B00A5E306 /* TotalAmountTableViewCell.xib in Resources */,
				2E9C120D25FFC09700A5E306 /* PaymentsFlow.storyboard in Resources */,
			);
			runOnlyForDeploymentPostprocessing = 0;
		};
/* End PBXResourcesBuildPhase section */

/* Begin PBXShellScriptBuildPhase section */
		93F5ECE8B058DF4977E64FD6 /* [CP] Embed Pods Frameworks */ = {
			isa = PBXShellScriptBuildPhase;
			buildActionMask = 2147483647;
			files = (
			);
			inputFileListPaths = (
				"${PODS_ROOT}/Target Support Files/Pods-EUBanking/Pods-EUBanking-frameworks-${CONFIGURATION}-input-files.xcfilelist",
			);
			name = "[CP] Embed Pods Frameworks";
			outputFileListPaths = (
				"${PODS_ROOT}/Target Support Files/Pods-EUBanking/Pods-EUBanking-frameworks-${CONFIGURATION}-output-files.xcfilelist",
			);
			runOnlyForDeploymentPostprocessing = 0;
			shellPath = /bin/sh;
			shellScript = "\"${PODS_ROOT}/Target Support Files/Pods-EUBanking/Pods-EUBanking-frameworks.sh\"\n";
			showEnvVarsInLog = 0;
		};
		E72243600CC5AAD9FEC2A59B /* [CP] Check Pods Manifest.lock */ = {
			isa = PBXShellScriptBuildPhase;
			buildActionMask = 2147483647;
			files = (
			);
			inputFileListPaths = (
			);
			inputPaths = (
				"${PODS_PODFILE_DIR_PATH}/Podfile.lock",
				"${PODS_ROOT}/Manifest.lock",
			);
			name = "[CP] Check Pods Manifest.lock";
			outputFileListPaths = (
			);
			outputPaths = (
				"$(DERIVED_FILE_DIR)/Pods-EUBanking-checkManifestLockResult.txt",
			);
			runOnlyForDeploymentPostprocessing = 0;
			shellPath = /bin/sh;
			shellScript = "diff \"${PODS_PODFILE_DIR_PATH}/Podfile.lock\" \"${PODS_ROOT}/Manifest.lock\" > /dev/null\nif [ $? != 0 ] ; then\n    # print error to STDERR\n    echo \"error: The sandbox is not in sync with the Podfile.lock. Run 'pod install' or update your CocoaPods installation.\" >&2\n    exit 1\nfi\n# This output is used by Xcode 'outputs' to avoid re-running this script phase.\necho \"SUCCESS\" > \"${SCRIPT_OUTPUT_FILE_0}\"\n";
			showEnvVarsInLog = 0;
		};
/* End PBXShellScriptBuildPhase section */

/* Begin PBXSourcesBuildPhase section */
		2E9C11EC25FFC05D00A5E306 /* Sources */ = {
			isa = PBXSourcesBuildPhase;
			buildActionMask = 2147483647;
			files = (
				2E9C125B2600529400A5E306 /* UICollectionViewFlowLayout+ProductGrid.swift in Sources */,
				2E0897F12601327600F3862C /* ContentSizedTableView.swift in Sources */,
				2E9C123625FFC95F00A5E306 /* PeriodCalculationTableViewCell.swift in Sources */,
				2E9C12692600636B00A5E306 /* PaymentsConfirmationViewModel.swift in Sources */,
				2E9C125F2600529400A5E306 /* UICollectionView+Convinience.swift in Sources */,
				2E9C123D25FFD85E00A5E306 /* DebitTableViewCell.swift in Sources */,
				2E9C121125FFC17800A5E306 /* PaymentsConfirmationViewController.swift in Sources */,
				2E9C1266260057B600A5E306 /* ContainerView.swift in Sources */,
				2E9C125D2600529400A5E306 /* CollectionDisplay.swift in Sources */,
				2E9C11F425FFC05D00A5E306 /* AppDelegate.swift in Sources */,
				2E9C124225FFDA7B00A5E306 /* TotalAmountTableViewCell.swift in Sources */,
				2E9C125A2600529400A5E306 /* UITableViewCell+Convinience.swift in Sources */,
				2E0898592603CBC600F3862C /* UITableView+Helper.swift in Sources */,
				2E9C12562600529400A5E306 /* UITableView+Convinience.swift in Sources */,
				2E9C121925FFC27100A5E306 /* PaidServiceCollapseControllCell.swift in Sources */,
				2E9C12592600529400A5E306 /* TableDisplay.swift in Sources */,
				2E9C12602600529400A5E306 /* UICollectionReusableView+Convenience.swift in Sources */,
				2E9C123125FFC66F00A5E306 /* UIView+Extension.swift in Sources */,
				2E9C12572600529400A5E306 /* UITableViewHeaderFooterView+Convinience.swift in Sources */,
				2E9C11F625FFC05D00A5E306 /* SceneDelegate.swift in Sources */,
				2E0898372603BF0F00F3862C /* InvoicePaymentViewModel.swift in Sources */,
				2EADAD542605F9840008E6F8 /* FeeTableViewCell.swift in Sources */,
				2E9C125C2600529400A5E306 /* UICollectionReusableView+Autosizing.swift in Sources */,
				2E9C12582600529400A5E306 /* TableShimmerCell.swift in Sources */,
				2E08985A2603CBC600F3862C /* UITableViewCell+Helper.swift in Sources */,
				2E9C125E2600529400A5E306 /* CollectionShimmerCell.swift in Sources */,
				2E0897ED26012F4500F3862C /* InvoiceTableViewCell.swift in Sources */,
				2E9C1263260053FA00A5E306 /* UIColor+Extension.swift in Sources */,
				2E0897E72601251A00F3862C /* InvoicePaymentViewController.swift in Sources */,
			);
			runOnlyForDeploymentPostprocessing = 0;
		};
/* End PBXSourcesBuildPhase section */

/* Begin PBXVariantGroup section */
		2E9C11FE25FFC05F00A5E306 /* LaunchScreen.storyboard */ = {
			isa = PBXVariantGroup;
			children = (
				2E9C11FF25FFC05F00A5E306 /* Base */,
			);
			name = LaunchScreen.storyboard;
			sourceTree = "<group>";
		};
/* End PBXVariantGroup section */

/* Begin XCBuildConfiguration section */
		2E9C120225FFC05F00A5E306 /* Debug */ = {
			isa = XCBuildConfiguration;
			buildSettings = {
				ALWAYS_SEARCH_USER_PATHS = NO;
				CLANG_ANALYZER_NONNULL = YES;
				CLANG_ANALYZER_NUMBER_OBJECT_CONVERSION = YES_AGGRESSIVE;
				CLANG_CXX_LANGUAGE_STANDARD = "gnu++14";
				CLANG_CXX_LIBRARY = "libc++";
				CLANG_ENABLE_MODULES = YES;
				CLANG_ENABLE_OBJC_ARC = YES;
				CLANG_ENABLE_OBJC_WEAK = YES;
				CLANG_WARN_BLOCK_CAPTURE_AUTORELEASING = YES;
				CLANG_WARN_BOOL_CONVERSION = YES;
				CLANG_WARN_COMMA = YES;
				CLANG_WARN_CONSTANT_CONVERSION = YES;
				CLANG_WARN_DEPRECATED_OBJC_IMPLEMENTATIONS = YES;
				CLANG_WARN_DIRECT_OBJC_ISA_USAGE = YES_ERROR;
				CLANG_WARN_DOCUMENTATION_COMMENTS = YES;
				CLANG_WARN_EMPTY_BODY = YES;
				CLANG_WARN_ENUM_CONVERSION = YES;
				CLANG_WARN_INFINITE_RECURSION = YES;
				CLANG_WARN_INT_CONVERSION = YES;
				CLANG_WARN_NON_LITERAL_NULL_CONVERSION = YES;
				CLANG_WARN_OBJC_IMPLICIT_RETAIN_SELF = YES;
				CLANG_WARN_OBJC_LITERAL_CONVERSION = YES;
				CLANG_WARN_OBJC_ROOT_CLASS = YES_ERROR;
				CLANG_WARN_QUOTED_INCLUDE_IN_FRAMEWORK_HEADER = YES;
				CLANG_WARN_RANGE_LOOP_ANALYSIS = YES;
				CLANG_WARN_STRICT_PROTOTYPES = YES;
				CLANG_WARN_SUSPICIOUS_MOVE = YES;
				CLANG_WARN_UNGUARDED_AVAILABILITY = YES_AGGRESSIVE;
				CLANG_WARN_UNREACHABLE_CODE = YES;
				CLANG_WARN__DUPLICATE_METHOD_MATCH = YES;
				COPY_PHASE_STRIP = NO;
				DEBUG_INFORMATION_FORMAT = dwarf;
				ENABLE_STRICT_OBJC_MSGSEND = YES;
				ENABLE_TESTABILITY = YES;
				GCC_C_LANGUAGE_STANDARD = gnu11;
				GCC_DYNAMIC_NO_PIC = NO;
				GCC_NO_COMMON_BLOCKS = YES;
				GCC_OPTIMIZATION_LEVEL = 0;
				GCC_PREPROCESSOR_DEFINITIONS = (
					"DEBUG=1",
					"$(inherited)",
				);
				GCC_WARN_64_TO_32_BIT_CONVERSION = YES;
				GCC_WARN_ABOUT_RETURN_TYPE = YES_ERROR;
				GCC_WARN_UNDECLARED_SELECTOR = YES;
				GCC_WARN_UNINITIALIZED_AUTOS = YES_AGGRESSIVE;
				GCC_WARN_UNUSED_FUNCTION = YES;
				GCC_WARN_UNUSED_VARIABLE = YES;
				IPHONEOS_DEPLOYMENT_TARGET = 14.3;
				MTL_ENABLE_DEBUG_INFO = INCLUDE_SOURCE;
				MTL_FAST_MATH = YES;
				ONLY_ACTIVE_ARCH = YES;
				SDKROOT = iphoneos;
				SWIFT_ACTIVE_COMPILATION_CONDITIONS = DEBUG;
				SWIFT_OPTIMIZATION_LEVEL = "-Onone";
			};
			name = Debug;
		};
		2E9C120325FFC05F00A5E306 /* Release */ = {
			isa = XCBuildConfiguration;
			buildSettings = {
				ALWAYS_SEARCH_USER_PATHS = NO;
				CLANG_ANALYZER_NONNULL = YES;
				CLANG_ANALYZER_NUMBER_OBJECT_CONVERSION = YES_AGGRESSIVE;
				CLANG_CXX_LANGUAGE_STANDARD = "gnu++14";
				CLANG_CXX_LIBRARY = "libc++";
				CLANG_ENABLE_MODULES = YES;
				CLANG_ENABLE_OBJC_ARC = YES;
				CLANG_ENABLE_OBJC_WEAK = YES;
				CLANG_WARN_BLOCK_CAPTURE_AUTORELEASING = YES;
				CLANG_WARN_BOOL_CONVERSION = YES;
				CLANG_WARN_COMMA = YES;
				CLANG_WARN_CONSTANT_CONVERSION = YES;
				CLANG_WARN_DEPRECATED_OBJC_IMPLEMENTATIONS = YES;
				CLANG_WARN_DIRECT_OBJC_ISA_USAGE = YES_ERROR;
				CLANG_WARN_DOCUMENTATION_COMMENTS = YES;
				CLANG_WARN_EMPTY_BODY = YES;
				CLANG_WARN_ENUM_CONVERSION = YES;
				CLANG_WARN_INFINITE_RECURSION = YES;
				CLANG_WARN_INT_CONVERSION = YES;
				CLANG_WARN_NON_LITERAL_NULL_CONVERSION = YES;
				CLANG_WARN_OBJC_IMPLICIT_RETAIN_SELF = YES;
				CLANG_WARN_OBJC_LITERAL_CONVERSION = YES;
				CLANG_WARN_OBJC_ROOT_CLASS = YES_ERROR;
				CLANG_WARN_QUOTED_INCLUDE_IN_FRAMEWORK_HEADER = YES;
				CLANG_WARN_RANGE_LOOP_ANALYSIS = YES;
				CLANG_WARN_STRICT_PROTOTYPES = YES;
				CLANG_WARN_SUSPICIOUS_MOVE = YES;
				CLANG_WARN_UNGUARDED_AVAILABILITY = YES_AGGRESSIVE;
				CLANG_WARN_UNREACHABLE_CODE = YES;
				CLANG_WARN__DUPLICATE_METHOD_MATCH = YES;
				COPY_PHASE_STRIP = NO;
				DEBUG_INFORMATION_FORMAT = "dwarf-with-dsym";
				ENABLE_NS_ASSERTIONS = NO;
				ENABLE_STRICT_OBJC_MSGSEND = YES;
				GCC_C_LANGUAGE_STANDARD = gnu11;
				GCC_NO_COMMON_BLOCKS = YES;
				GCC_WARN_64_TO_32_BIT_CONVERSION = YES;
				GCC_WARN_ABOUT_RETURN_TYPE = YES_ERROR;
				GCC_WARN_UNDECLARED_SELECTOR = YES;
				GCC_WARN_UNINITIALIZED_AUTOS = YES_AGGRESSIVE;
				GCC_WARN_UNUSED_FUNCTION = YES;
				GCC_WARN_UNUSED_VARIABLE = YES;
				IPHONEOS_DEPLOYMENT_TARGET = 14.3;
				MTL_ENABLE_DEBUG_INFO = NO;
				MTL_FAST_MATH = YES;
				SDKROOT = iphoneos;
				SWIFT_COMPILATION_MODE = wholemodule;
				SWIFT_OPTIMIZATION_LEVEL = "-O";
				VALIDATE_PRODUCT = YES;
			};
			name = Release;
		};
		2E9C120525FFC05F00A5E306 /* Debug */ = {
			isa = XCBuildConfiguration;
			baseConfigurationReference = 230D4442F7EAC0CA674E9AB3 /* Pods-EUBanking.debug.xcconfig */;
			buildSettings = {
				ASSETCATALOG_COMPILER_APPICON_NAME = AppIcon;
				ASSETCATALOG_COMPILER_GLOBAL_ACCENT_COLOR_NAME = AccentColor;
				CODE_SIGN_STYLE = Automatic;
				DEVELOPMENT_TEAM = AWXA559AVD;
				INFOPLIST_FILE = EUBanking/Info.plist;
				LD_RUNPATH_SEARCH_PATHS = (
					"$(inherited)",
					"@executable_path/Frameworks",
				);
				PRODUCT_BUNDLE_IDENTIFIER = EUBanking.EUBanking;
				PRODUCT_NAME = "$(TARGET_NAME)";
				SWIFT_VERSION = 5.0;
				TARGETED_DEVICE_FAMILY = "1,2";
			};
			name = Debug;
		};
		2E9C120625FFC05F00A5E306 /* Release */ = {
			isa = XCBuildConfiguration;
			baseConfigurationReference = 808E2CEAEBBEF515ECBB9F1E /* Pods-EUBanking.release.xcconfig */;
			buildSettings = {
				ASSETCATALOG_COMPILER_APPICON_NAME = AppIcon;
				ASSETCATALOG_COMPILER_GLOBAL_ACCENT_COLOR_NAME = AccentColor;
				CODE_SIGN_STYLE = Automatic;
				DEVELOPMENT_TEAM = AWXA559AVD;
				INFOPLIST_FILE = EUBanking/Info.plist;
				LD_RUNPATH_SEARCH_PATHS = (
					"$(inherited)",
					"@executable_path/Frameworks",
				);
				PRODUCT_BUNDLE_IDENTIFIER = EUBanking.EUBanking;
				PRODUCT_NAME = "$(TARGET_NAME)";
				SWIFT_VERSION = 5.0;
				TARGETED_DEVICE_FAMILY = "1,2";
			};
			name = Release;
		};
/* End XCBuildConfiguration section */

/* Begin XCConfigurationList section */
		2E9C11EB25FFC05D00A5E306 /* Build configuration list for PBXProject "EUBanking" */ = {
			isa = XCConfigurationList;
			buildConfigurations = (
				2E9C120225FFC05F00A5E306 /* Debug */,
				2E9C120325FFC05F00A5E306 /* Release */,
			);
			defaultConfigurationIsVisible = 0;
			defaultConfigurationName = Release;
		};
		2E9C120425FFC05F00A5E306 /* Build configuration list for PBXNativeTarget "EUBanking" */ = {
			isa = XCConfigurationList;
			buildConfigurations = (
				2E9C120525FFC05F00A5E306 /* Debug */,
				2E9C120625FFC05F00A5E306 /* Release */,
			);
			defaultConfigurationIsVisible = 0;
			defaultConfigurationName = Release;
		};
/* End XCConfigurationList section */
	};
	rootObject = 2E9C11E825FFC05D00A5E306 /* Project object */;
}
